github.com/Sirupsen/logrus v0.9.0 h1:gMALrcKafzGGPqtkw+sxihxzXcKauj67veOg+iT+5DQ=
github.com/Sirupsen/logrus v0.9.0/go.mod h1:rmk17hk6i8ZSAJkSDa7nOxamrG+SP4P0mm+DAvExv4U=
github.com/bmatsuo/lmdb-go v0.0.0-20160816100615-69ad631904c9 h1:GqhONN2pAgcQMq51usxmx8/xxzXsFQ+nMtUYjm/r210=
github.com/bmatsuo/lmdb-go v0.0.0-20160816100615-69ad631904c9/go.mod h1:wWPZmKdOAZsl4qOqkowQ1aCrFie1HU8gWloHMCeAUdM=
github.com/davecgh/go-spew v0.0.0-20151105211317-5215b55f46b2 h1:5zdDAMuB3gvbHB1m2BZT9+t9w+xaBmK3ehb7skDXcwM=
github.com/davecgh/go-spew v0.0.0-20151105211317-5215b55f46b2/go.mod h1:J7Y8YcW2NihsgmVo/mv3lAwl/skON4iLHjSsI+c5H38=
github.com/mendersoftware/log v0.0.0-20160927120526-92371be49387 h1:97Rs8/tWWqSyyT8chVWrdo0AibGAJZN1byWQmuJsljw=
github.com/mendersoftware/log v0.0.0-20160927120526-92371be49387/go.mod h1:lFeDBHH7ZPO7UKS3U08YjR++osjKrBJIG37Cjn9iHps=
github.com/mendersoftware/mender-artifact v0.0.0-20170911132611-e0d6d9a659b3 h1:NuX1ySEZH3IW/xG+jMIMrR70Tvg0nUjf7nLatSGZ9zw=
github.com/mendersoftware/mender-artifact v0.0.0-20170911132611-e0d6d9a659b3/go.mod h1:XgFyM4q7XSdwjqgsJj3CSNDOX829P98yUhStyvKkWr4=
github.com/mendersoftware/mendertesting v0.0.0-20180410095158-9e728b524c29 h1:os+BbcrVU2yaPxwkDfjb8uCJgcAoZtVbkC1Lkf7S21Y=
github.com/mendersoftware/mendertesting v0.0.0-20180410095158-9e728b524c29/go.mod h1:x9ztgFm1CE99mlgpaUH6CZWIrvHutwLMqybWoUdzC+U=
github.com/mendersoftware/scopestack v0.0.0-20160215095618-feb2f3f2bec8 h1:TGjTpLJUcC6Fv0Lgf9yJnhBhZXvn7ZZEDryUYk0lwqA=
github.com/mendersoftware/scopestack v0.0.0-20160215095618-feb2f3f2bec8/go.mod h1:wgnq1c22Fs62D/Ads3yiWnSpDt2OkzQjA4q20dJpgDM=
github.com/pkg/errors v0.0.0-20160916110212-a887431f7f6e h1:MYoBvbKAJbqY6qA6aHDFLKYBoUzC7ksm3UCk/Ihh1Og=
github.com/pkg/errors v0.0.0-20160916110212-a887431f7f6e/go.mod h1:bwawxfHBFNV+L2hUp1rHADufV3IMtnDRdf1r5NINEl0=
github.com/pmezard/go-difflib v1.0.0 h1:4DBwDE0NGyQoBHbLQYPwSUPoCMWR5BEzIk/f1lZbAQM=
github.com/pmezard/go-difflib v1.0.0/go.mod h1:iKH77koFhYxTK1pcRnkKkqfTogsbg7gZNVY4sRDYZ/4=
github.com/stretchr/objx v0.0.0-20150928122152-1a9d0bb9f541 h1:nvL7eaZN/Zw5emVOGaOclbLMeFO030UrPtWFTUS0p80=
github.com/stretchr/objx v0.0.0-20150928122152-1a9d0bb9f541/go.mod h1:HFkY916IF+rwdDfMAkV7OtwuqBVzrE8GR6GFx+wExME=
github.com/stretchr/testify v0.0.0-20160615092844-d77da356e56a h1:VxiXq5jE8Z1dkOLZxIb+6JaOOok04E8ZWos4rsRSlzw=
github.com/stretchr/testify v0.0.0-20160615092844-d77da356e56a/go.mod h1:a8OnRcib4nhh0OaRAV+Yts87kKdq0PP7pXfy6kDkUVs=
github.com/ungerik/go-sysfs v0.0.0-20170424074847-9c991ee65620 h1:L1OgaMgU2XrO0TWCiVGnQ6hul3oP9fAiie8bbxEAoB4=
github.com/ungerik/go-sysfs v0.0.0-20170424074847-9c991ee65620/go.mod h1:uNntZOmY9FPCii3WLtdFVh1QQ1qKoB4lpnwVyX3LMjQ=
golang.org/x/net v0.0.0-20160412225635-fb93926129b8 h1:5Lew4KHjm6QAzkboL0Sdg03Nc3VtVcno+Mdcvclquco=
golang.org/x/net v0.0.0-20160412225635-fb93926129b8/go.mod h1:mL1N/T3taQHkDXs73rZJwtUhF3w3ftmwwsq0BUmARs4=
golang.org/x/sys v0.0.0-20180824143301-4910a1d54f87 h1:GqwDwfvIpC33dK9bA1fD+JiDUNsuAiQiEkpHqUKze4o=
golang.org/x/sys v0.0.0-20180824143301-4910a1d54f87/go.mod h1:STP8DvDyc/dI5b8T5hshtkjS+E42TnysNCUPdjciGhY=
